
Microsoft Visual Studio Solution File, Format Version 12.00
# Visual Studio Version 17
VisualStudioVersion = 17.0.31903.59
MinimumVisualStudioVersion = 10.0.40219.1
Project("{FAE04EC0-301F-11D3-BF4B-00C04F79EFBC}") = "Fluent-Validation", "Fluent-Validation.csproj", "{7E4189EB-60AE-4015-B17C-281AE121A3CB}"
EndProject
Global
	GlobalSection(SolutionConfigurationPlatforms) = preSolution
		Debug|Any CPU = Debug|Any CPU
		Release|Any CPU = Release|Any CPU
	EndGlobalSection
	GlobalSection(ProjectConfigurationPlatforms) = postSolution
		{7E4189EB-60AE-4015-B17C-281AE121A3CB}.Debug|Any CPU.ActiveCfg = Debug|Any CPU
		{7E4189EB-60AE-4015-B17C-281AE121A3CB}.Debug|Any CPU.Build.0 = Debug|Any CPU
		{7E4189EB-60AE-4015-B17C-281AE121A3CB}.Release|Any CPU.ActiveCfg = Release|Any CPU
		{7E4189EB-60AE-4015-B17C-281AE121A3CB}.Release|Any CPU.Build.0 = Release|Any CPU
	EndGlobalSection
	GlobalSection(SolutionProperties) = preSolution
		HideSolutionNode = FALSE
	EndGlobalSection
	GlobalSection(ExtensibilityGlobals) = postSolution
		SolutionGuid = {183CE382-F27F-41E1-B432-BD69EBE9DCAF}
	EndGlobalSection
EndGlobal
